
Microsoft Visual Studio Solution File, Format Version 12.00
# Visual Studio 15
VisualStudioVersion = 15.0.28307.1267
MinimumVisualStudioVersion = 10.0.40219.1
Project("{FAE04EC0-301F-11D3-BF4B-00C04F79EFBC}") = "ServiceREST_027", "ServiceREST_027\ServiceREST_027.csproj", "{BCF68009-96DF-4F31-B6DC-B305DD176E98}"
EndProject
Project("{FAE04EC0-301F-11D3-BF4B-00C04F79EFBC}") = "ServerConfigREST_027", "ServerConfigREST_027\ServerConfigREST_027.csproj", "{37F9F21B-8985-474B-BFB6-76F2C78EF4A2}"
	ProjectSection(ProjectDependencies) = postProject
		{BCF68009-96DF-4F31-B6DC-B305DD176E98} = {BCF68009-96DF-4F31-B6DC-B305DD176E98}
	EndProjectSection
EndProject
Project("{FAE04EC0-301F-11D3-BF4B-00C04F79EFBC}") = "ClientREST_027", "ClientREST_027\ClientREST_027.csproj", "{607C69E9-9BA9-45A2-992A-4CFAD2432F7E}"
	ProjectSection(ProjectDependencies) = postProject
		{BCF68009-96DF-4F31-B6DC-B305DD176E98} = {BCF68009-96DF-4F31-B6DC-B305DD176E98}
	EndProjectSection
EndProject
Global
	GlobalSection(SolutionConfigurationPlatforms) = preSolution
		Debug|Any CPU = Debug|Any CPU
		Release|Any CPU = Release|Any CPU
	EndGlobalSection
	GlobalSection(ProjectConfigurationPlatforms) = postSolution
		{BCF68009-96DF-4F31-B6DC-B305DD176E98}.Debug|Any CPU.ActiveCfg = Debug|Any CPU
		{BCF68009-96DF-4F31-B6DC-B305DD176E98}.Debug|Any CPU.Build.0 = Debug|Any CPU
		{BCF68009-96DF-4F31-B6DC-B305DD176E98}.Release|Any CPU.ActiveCfg = Release|Any CPU
		{BCF68009-96DF-4F31-B6DC-B305DD176E98}.Release|Any CPU.Build.0 = Release|Any CPU
		{37F9F21B-8985-474B-BFB6-76F2C78EF4A2}.Debug|Any CPU.ActiveCfg = Debug|Any CPU
		{37F9F21B-8985-474B-BFB6-76F2C78EF4A2}.Debug|Any CPU.Build.0 = Debug|Any CPU
		{37F9F21B-8985-474B-BFB6-76F2C78EF4A2}.Release|Any CPU.ActiveCfg = Release|Any CPU
		{37F9F21B-8985-474B-BFB6-76F2C78EF4A2}.Release|Any CPU.Build.0 = Release|Any CPU
		{607C69E9-9BA9-45A2-992A-4CFAD2432F7E}.Debug|Any CPU.ActiveCfg = Debug|Any CPU
		{607C69E9-9BA9-45A2-992A-4CFAD2432F7E}.Debug|Any CPU.Build.0 = Debug|Any CPU
		{607C69E9-9BA9-45A2-992A-4CFAD2432F7E}.Release|Any CPU.ActiveCfg = Release|Any CPU
		{607C69E9-9BA9-45A2-992A-4CFAD2432F7E}.Release|Any CPU.Build.0 = Release|Any CPU
	EndGlobalSection
	GlobalSection(SolutionProperties) = preSolution
		HideSolutionNode = FALSE
	EndGlobalSection
	GlobalSection(ExtensibilityGlobals) = postSolution
		SolutionGuid = {45064C53-0BEE-42C9-AAF7-424E7926A4AC}
	EndGlobalSection
EndGlobal
